PODS:
  - device_info_plus (0.0.1):
    - Flutter
  - Flutter (1.0.0)
  - health (1.0.4):
    - Flutter
  - pedometer (0.0.1):
    - Flutter

DEPENDENCIES:
  - device_info_plus (from `.symlinks/plugins/device_info_plus/ios`)
  - Flutter (from `Flutter`)
  - health (from `.symlinks/plugins/health/ios`)
  - pedometer (from `.symlinks/plugins/pedometer/ios`)

EXTERNAL SOURCES:
  device_info_plus:
    :path: ".symlinks/plugins/device_info_plus/ios"
  Flutter:
    :path: Flutter
  health:
    :path: ".symlinks/plugins/health/ios"
  pedometer:
    :path: ".symlinks/plugins/pedometer/ios"

SPEC CHECKSUMS:
  device_info_plus: 71ffc6ab7634ade6267c7a93088ed7e4f74e5896
  Flutter: e0871f40cf51350855a761d2e70bf5af5b9b5de7
  health: a38a2b7480871e575ef403a8746cb2c08d20f1a4
  pedometer: 1c5eaab0c6bce8eb7651f7095553b5081c9d06ed

PODFILE CHECKSUM: e30f02f9d1c72c47bb6344a0a748c9d268180865

COCOAPODS: 1.16.2
